{
  "version": 4,
  "terraform_version": "1.16.0",
  "serial": 333,
  "lineage": "ccceeda5-1357-886a-cc02-7ad22825a503",
  "outputs": {},
  "resources": [
    {
      "mode": "managed",
      "type": "aws_internet_gateway",
      "name": "main",
      "provider": "provider[\"registry.terraform.io/hashicorp/aws\"]",
      "instances": [
        {
          "schema_version": 0,
          "attributes": {
            "arn": "arn:aws:ec2:ap-south-2:137071594277:internet-gateway/igw-0270a4ed48fd0d04d",
            "id": "igw-0270a4ed48fd0d04d",
            "owner_id": "137071594277",
            "region": "ap-south-2",
            "tags": {
              "Name": "shopease-dev-igw"
            },
            "tags_all": {
              "Environment": "dev",
              "ManagedBy": "Terraform",
              "Name": "shopease-dev-igw",
              "Owner": "Platform-Team",
              "Project": "ShopEase"
            },
            "timeouts": null,
            "vpc_id": "vpc-077c551a4a802f105"
          },
          "sensitive_attributes": [],
          "identity_schema_version": 0,
          "private": "eyJlMmJmYjczMC1lY2FhLTExZTYtOGY4OC0zNDM2M2JjN2M0YzAiOnsiY3JlYXRlIjoxMjAwMDAwMDAwMDAwLCJkZWxldGUiOjEyMDAwMDAwMDAwMDAsInVwZGF0ZSI6MTIwMDAwMDAwMDAwMH19",
          "dependencies": [
            "aws_vpc.main"
          ]
        }
      ]
    },
    {
      "mode": "managed",
      "type": "aws_vpc",
      "name": "main",
      "provider": "provider[\"registry.terraform.io/hashicorp/aws\"]",
      "instances": [
        {
          "schema_version": 1,
          "attributes": {
            "arn": "arn:aws:ec2:ap-south-2:137071594277:vpc/vpc-077c551a4a802f105",
            "assign_generated_ipv6_cidr_block": false,
            "cidr_block": "10.0.0.0/16",
            "default_network_acl_id": "acl-0c9b3d7596b818970",
            "default_route_table_id": "rtb-0fdd7c3266f06ab95",
            "default_security_group_id": "sg-096c384540a97ef93",
            "dhcp_options_id": "dopt-0ca4a9c76a402e37f",
            "enable_dns_hostnames": true,
            "enable_dns_support": true,
            "enable_network_address_usage_metrics": false,
            "id": "vpc-077c551a4a802f105",
            "instance_tenancy": "default",
            "ipv4_ipam_pool_id": null,
            "ipv4_netmask_length": null,
            "ipv6_association_id": "",
            "ipv6_cidr_block": "",
            "ipv6_cidr_block_network_border_group": "",
            "ipv6_ipam_pool_id": "",
            "ipv6_netmask_length": 0,
            "main_route_table_id": "rtb-0fdd7c3266f06ab95",
            "owner_id": "137071594277",
            "region": "ap-south-2",
            "tags": {
              "Name": "shopease-dev-vpc"
            },
            "tags_all": {
              "Environment": "dev",
              "ManagedBy": "Terraform",
              "Name": "shopease-dev-vpc",
              "Owner": "Platform-Team",
              "Project": "ShopEase"
            }
          },
          "sensitive_attributes": [],
          "identity_schema_version": 0,
          "private": "eyJzY2hlbWFfdmVyc2lvbiI6IjEifQ=="
        }
      ]
    }
  ],
  "check_results": null
}
